
Microsoft Visual Studio Solution File, Format Version 11.00
# Visual Studio 2010
Project("{FAE04EC0-301F-11D3-BF4B-00C04F79EFBC}") = "Assembly-CSharp", "Assembly-CSharp.csproj", "{1acae886-d982-0e57-f964-d7019b30fe11}"
EndProject
Project("{FAE04EC0-301F-11D3-BF4B-00C04F79EFBC}") = "Assembly-CSharp-Editor", "Assembly-CSharp-Editor.csproj", "{a7e9fbc8-d97b-da05-2078-849f4928f36e}"
EndProject
Global
	GlobalSection(SolutionConfigurationPlatforms) = preSolution
		Debug|Any CPU = Debug|Any CPU
	EndGlobalSection
	GlobalSection(ProjectConfigurationPlatforms) = postSolution
		{1acae886-d982-0e57-f964-d7019b30fe11}.Debug|Any CPU.ActiveCfg = Debug|Any CPU
		{1acae886-d982-0e57-f964-d7019b30fe11}.Debug|Any CPU.Build.0 = Debug|Any CPU
		{a7e9fbc8-d97b-da05-2078-849f4928f36e}.Debug|Any CPU.ActiveCfg = Debug|Any CPU
		{a7e9fbc8-d97b-da05-2078-849f4928f36e}.Debug|Any CPU.Build.0 = Debug|Any CPU
	EndGlobalSection
	GlobalSection(SolutionProperties) = preSolution
		HideSolutionNode = FALSE
	EndGlobalSection
EndGlobal
